
Microsoft Visual Studio Solution File, Format Version 12.00
# Visual Studio Version 17
VisualStudioVersion = 17.9.34622.214
MinimumVisualStudioVersion = 10.0.40219.1
Project("{FAE04EC0-301F-11D3-BF4B-00C04F79EFBC}") = "Exercício 12", "Exercício 12\Exercício 12.csproj", "{8D1A79FE-7D40-4F21-BE6D-5FC6B97C0722}"
EndProject
Global
	GlobalSection(SolutionConfigurationPlatforms) = preSolution
		Debug|Any CPU = Debug|Any CPU
		Release|Any CPU = Release|Any CPU
	EndGlobalSection
	GlobalSection(ProjectConfigurationPlatforms) = postSolution
		{8D1A79FE-7D40-4F21-BE6D-5FC6B97C0722}.Debug|Any CPU.ActiveCfg = Debug|Any CPU
		{8D1A79FE-7D40-4F21-BE6D-5FC6B97C0722}.Debug|Any CPU.Build.0 = Debug|Any CPU
		{8D1A79FE-7D40-4F21-BE6D-5FC6B97C0722}.Release|Any CPU.ActiveCfg = Release|Any CPU
		{8D1A79FE-7D40-4F21-BE6D-5FC6B97C0722}.Release|Any CPU.Build.0 = Release|Any CPU
	EndGlobalSection
	GlobalSection(SolutionProperties) = preSolution
		HideSolutionNode = FALSE
	EndGlobalSection
	GlobalSection(ExtensibilityGlobals) = postSolution
		SolutionGuid = {8C26FF0B-32DA-4D33-B848-5A3DDA3E05C0}
	EndGlobalSection
EndGlobal
