
Microsoft Visual Studio Solution File, Format Version 12.00
# Visual Studio Version 17
VisualStudioVersion = 17.9.34622.214
MinimumVisualStudioVersion = 10.0.40219.1
Project("{FAE04EC0-301F-11D3-BF4B-00C04F79EFBC}") = "Exercício 2", "Exercício 2\Exercício 2.csproj", "{83866517-BE5C-43D4-93B7-AE41F76A970B}"
EndProject
Global
	GlobalSection(SolutionConfigurationPlatforms) = preSolution
		Debug|Any CPU = Debug|Any CPU
		Release|Any CPU = Release|Any CPU
	EndGlobalSection
	GlobalSection(ProjectConfigurationPlatforms) = postSolution
		{83866517-BE5C-43D4-93B7-AE41F76A970B}.Debug|Any CPU.ActiveCfg = Debug|Any CPU
		{83866517-BE5C-43D4-93B7-AE41F76A970B}.Debug|Any CPU.Build.0 = Debug|Any CPU
		{83866517-BE5C-43D4-93B7-AE41F76A970B}.Release|Any CPU.ActiveCfg = Release|Any CPU
		{83866517-BE5C-43D4-93B7-AE41F76A970B}.Release|Any CPU.Build.0 = Release|Any CPU
	EndGlobalSection
	GlobalSection(SolutionProperties) = preSolution
		HideSolutionNode = FALSE
	EndGlobalSection
	GlobalSection(ExtensibilityGlobals) = postSolution
		SolutionGuid = {C6A4C8EF-D447-4140-81FB-32FD0828FDB6}
	EndGlobalSection
EndGlobal
